
Microsoft Visual Studio Solution File, Format Version 12.00
# Visual Studio Version 17
VisualStudioVersion = 17.0.31903.59
MinimumVisualStudioVersion = 10.0.40219.1
Project("{9A19103F-16F7-4668-BE54-9A1E7A4F7556}") = "JapaneseConjugationTrainer", "JapaneseConjugationTrainer\JapaneseConjugationTrainer.csproj", "{1D27AF71-E7AF-4B1A-A135-EA177EBAB13F}"
EndProject
Project("{9A19103F-16F7-4668-BE54-9A1E7A4F7556}") = "Conjugation", "Conjugation\Conjugation.csproj", "{6CFD142C-E92F-4CF3-A19F-3EF1C7F535E6}"
EndProject
Project("{9A19103F-16F7-4668-BE54-9A1E7A4F7556}") = "Core", "Core\Core.csproj", "{89D66CE6-BF32-4242-B133-5A82D870C378}"
EndProject
Project("{9A19103F-16F7-4668-BE54-9A1E7A4F7556}") = "Tests", "UnitTests\Tests.csproj", "{B2930954-EB8C-4F5C-AEEC-E04D69DC288A}"
EndProject
Project("{9A19103F-16F7-4668-BE54-9A1E7A4F7556}") = "Persistence", "Persistence\Persistence.csproj", "{6F8ED416-CE15-424B-9EFB-183D3F62E89B}"
EndProject
Global
	GlobalSection(SolutionConfigurationPlatforms) = preSolution
		Debug|Any CPU = Debug|Any CPU
		Release|Any CPU = Release|Any CPU
	EndGlobalSection
	GlobalSection(ProjectConfigurationPlatforms) = postSolution
		{1D27AF71-E7AF-4B1A-A135-EA177EBAB13F}.Debug|Any CPU.ActiveCfg = Debug|Any CPU
		{1D27AF71-E7AF-4B1A-A135-EA177EBAB13F}.Debug|Any CPU.Build.0 = Debug|Any CPU
		{1D27AF71-E7AF-4B1A-A135-EA177EBAB13F}.Release|Any CPU.ActiveCfg = Release|Any CPU
		{1D27AF71-E7AF-4B1A-A135-EA177EBAB13F}.Release|Any CPU.Build.0 = Release|Any CPU
		{6CFD142C-E92F-4CF3-A19F-3EF1C7F535E6}.Debug|Any CPU.ActiveCfg = Debug|Any CPU
		{6CFD142C-E92F-4CF3-A19F-3EF1C7F535E6}.Debug|Any CPU.Build.0 = Debug|Any CPU
		{6CFD142C-E92F-4CF3-A19F-3EF1C7F535E6}.Release|Any CPU.ActiveCfg = Release|Any CPU
		{6CFD142C-E92F-4CF3-A19F-3EF1C7F535E6}.Release|Any CPU.Build.0 = Release|Any CPU
		{89D66CE6-BF32-4242-B133-5A82D870C378}.Debug|Any CPU.ActiveCfg = Debug|Any CPU
		{89D66CE6-BF32-4242-B133-5A82D870C378}.Debug|Any CPU.Build.0 = Debug|Any CPU
		{89D66CE6-BF32-4242-B133-5A82D870C378}.Release|Any CPU.ActiveCfg = Release|Any CPU
		{89D66CE6-BF32-4242-B133-5A82D870C378}.Release|Any CPU.Build.0 = Release|Any CPU
		{B2930954-EB8C-4F5C-AEEC-E04D69DC288A}.Debug|Any CPU.ActiveCfg = Debug|Any CPU
		{B2930954-EB8C-4F5C-AEEC-E04D69DC288A}.Debug|Any CPU.Build.0 = Debug|Any CPU
		{B2930954-EB8C-4F5C-AEEC-E04D69DC288A}.Release|Any CPU.ActiveCfg = Release|Any CPU
		{B2930954-EB8C-4F5C-AEEC-E04D69DC288A}.Release|Any CPU.Build.0 = Release|Any CPU
		{6F8ED416-CE15-424B-9EFB-183D3F62E89B}.Debug|Any CPU.ActiveCfg = Debug|Any CPU
		{6F8ED416-CE15-424B-9EFB-183D3F62E89B}.Debug|Any CPU.Build.0 = Debug|Any CPU
		{6F8ED416-CE15-424B-9EFB-183D3F62E89B}.Release|Any CPU.ActiveCfg = Release|Any CPU
		{6F8ED416-CE15-424B-9EFB-183D3F62E89B}.Release|Any CPU.Build.0 = Release|Any CPU
	EndGlobalSection
	GlobalSection(SolutionProperties) = preSolution
		HideSolutionNode = FALSE
	EndGlobalSection
	GlobalSection(ExtensibilityGlobals) = postSolution
		SolutionGuid = {D1D87A80-C0CA-4C38-BD2D-CA70EDF97AE0}
	EndGlobalSection
EndGlobal
